
Microsoft Visual Studio Solution File, Format Version 12.00
# Visual Studio Version 16
VisualStudioVersion = 16.0.29609.76
MinimumVisualStudioVersion = 10.0.40219.1
Project("{9A19103F-16F7-4668-BE54-9A1E7A4F7556}") = "AddnodeBalkan.TableTennis.Server", "AddnodeBalkan.TableTennis.Server\AddnodeBalkan.TableTennis.csproj", "{32091107-2129-449E-B48B-84E9EE8EF689}"
EndProject
Project("{FAE04EC0-301F-11D3-BF4B-00C04F79EFBC}") = "AddnodeBalkan.TableTennis.Data", "AddnodeBalkan.TableTennis.Data\AddnodeBalkan.TableTennis.Data.csproj", "{9B3FDBF8-BD17-4EEE-B4AB-CF92EC05797B}"
EndProject
Project("{FAE04EC0-301F-11D3-BF4B-00C04F79EFBC}") = "AddnodeBalkan.TableTennis.Models", "AddnodeBalkan.TableTennis.Models\AddnodeBalkan.TableTennis.Models.csproj", "{0E14A8B1-0033-4B46-BCD0-B566F8306032}"
EndProject
Global
	GlobalSection(SolutionConfigurationPlatforms) = preSolution
		Debug|Any CPU = Debug|Any CPU
		Release|Any CPU = Release|Any CPU
	EndGlobalSection
	GlobalSection(ProjectConfigurationPlatforms) = postSolution
		{32091107-2129-449E-B48B-84E9EE8EF689}.Debug|Any CPU.ActiveCfg = Debug|Any CPU
		{32091107-2129-449E-B48B-84E9EE8EF689}.Debug|Any CPU.Build.0 = Debug|Any CPU
		{32091107-2129-449E-B48B-84E9EE8EF689}.Release|Any CPU.ActiveCfg = Release|Any CPU
		{32091107-2129-449E-B48B-84E9EE8EF689}.Release|Any CPU.Build.0 = Release|Any CPU
		{9B3FDBF8-BD17-4EEE-B4AB-CF92EC05797B}.Debug|Any CPU.ActiveCfg = Debug|Any CPU
		{9B3FDBF8-BD17-4EEE-B4AB-CF92EC05797B}.Debug|Any CPU.Build.0 = Debug|Any CPU
		{9B3FDBF8-BD17-4EEE-B4AB-CF92EC05797B}.Release|Any CPU.ActiveCfg = Release|Any CPU
		{9B3FDBF8-BD17-4EEE-B4AB-CF92EC05797B}.Release|Any CPU.Build.0 = Release|Any CPU
		{0E14A8B1-0033-4B46-BCD0-B566F8306032}.Debug|Any CPU.ActiveCfg = Debug|Any CPU
		{0E14A8B1-0033-4B46-BCD0-B566F8306032}.Debug|Any CPU.Build.0 = Debug|Any CPU
		{0E14A8B1-0033-4B46-BCD0-B566F8306032}.Release|Any CPU.ActiveCfg = Release|Any CPU
		{0E14A8B1-0033-4B46-BCD0-B566F8306032}.Release|Any CPU.Build.0 = Release|Any CPU
	EndGlobalSection
	GlobalSection(SolutionProperties) = preSolution
		HideSolutionNode = FALSE
	EndGlobalSection
	GlobalSection(ExtensibilityGlobals) = postSolution
		SolutionGuid = {C0642901-10FC-4B66-AD0B-7049EE3BF9DC}
	EndGlobalSection
EndGlobal
